{
  "nodes": {
    "aagl": {
      "inputs": {
        "flake-compat": "flake-compat",
        "nixpkgs": "nixpkgs"
      },
      "locked": {
        "lastModified": 1684508786,
        "narHash": "sha256-OigXRg4JyPzpedMOs7JLXSpu42tBkqQfwUxiDdwI+OI=",
        "owner": "ezKEa",
        "repo": "aagl-gtk-on-nix",
        "rev": "d5f3f16e6c77f736bc7c57a6b621e32776539931",
        "type": "github"
      },
      "original": {
        "owner": "ezKEa",
        "repo": "aagl-gtk-on-nix",
        "type": "github"
      }
    },
    "agenix": {
      "inputs": {
        "darwin": "darwin",
        "home-manager": [
          "fufexan-dotfiles",
          "hm"
        ],
        "nixpkgs": [
          "fufexan-dotfiles",
          "nixpkgs"
        ]
      },
      "locked": {
        "lastModified": 1683866323,
        "narHash": "sha256-M2bEuh2jr0Ec13GnP5f8unD8q0AcPt2fHSUynOZJ8No=",
        "owner": "ryantm",
        "repo": "agenix",
        "rev": "92197270a1eedd142a4aff853e4cc6d1e838c22f",
        "type": "github"
      },
      "original": {
        "owner": "ryantm",
        "repo": "agenix",
        "type": "github"
      }
    },
    "anyrun": {
      "inputs": {
        "nixpkgs": [
          "fufexan-dotfiles",
          "nixpkgs"
        ]
      },
      "locked": {
        "lastModified": 1683826089,
        "narHash": "sha256-YXphf9SnUcw9zlnnD4nPLQL5pWMHfpBY3CpzsQqzlZY=",
        "owner": "Kirottu",
        "repo": "anyrun",
        "rev": "9d151d9725e25f07549f2723228723c8f55e9302",
        "type": "github"
      },
      "original": {
        "owner": "Kirottu",
        "repo": "anyrun",
        "type": "github"
      }
    },
    "base16-schemes": {
      "flake": false,
      "locked": {
        "lastModified": 1680729003,
        "narHash": "sha256-M9LHTL24/W4oqgbYRkz0B2qpNrkefTs98pfj3MxIXnU=",
        "owner": "tinted-theming",
        "repo": "base16-schemes",
        "rev": "dc048afa066287a719ddbab62b3e19e4b5110cf0",
        "type": "github"
      },
      "original": {
        "owner": "tinted-theming",
        "repo": "base16-schemes",
        "type": "github"
      }
    },
    "crane": {
      "flake": false,
      "locked": {
        "lastModified": 1670900067,
        "narHash": "sha256-VXVa+KBfukhmWizaiGiHRVX/fuk66P8dgSFfkVN4/MY=",
        "owner": "ipetkov",
        "repo": "crane",
        "rev": "59b31b41a589c0a65e4a1f86b0e5eac68081468b",
        "type": "github"
      },
      "original": {
        "owner": "ipetkov",
        "repo": "crane",
        "type": "github"
      }
    },
    "darwin": {
      "inputs": {
        "nixpkgs": [
          "fufexan-dotfiles",
          "agenix",
          "nixpkgs"
        ]
      },
      "locked": {
        "lastModified": 1673295039,
        "narHash": "sha256-AsdYgE8/GPwcelGgrntlijMg4t3hLFJFCRF3tL5WVjA=",
        "owner": "lnl7",
        "repo": "nix-darwin",
        "rev": "87b9d090ad39b25b2400029c64825fc2a8868943",
        "type": "github"
      },
      "original": {
        "owner": "lnl7",
        "ref": "master",
        "repo": "nix-darwin",
        "type": "github"
      }
    },
    "devshell": {
      "inputs": {
        "nixpkgs": [
          "fufexan-dotfiles",
          "nixpkgs"
        ],
        "systems": "systems"
      },
      "locked": {
        "lastModified": 1683635384,
        "narHash": "sha256-9goJTd05yOyD/McaMqZ4BUB8JW+mZMnZQJZ7VQ6C/Lw=",
        "owner": "numtide",
        "repo": "devshell",
        "rev": "5143ea68647c4cf5227e4ad2100db6671fc4c369",
        "type": "github"
      },
      "original": {
        "owner": "numtide",
        "repo": "devshell",
        "type": "github"
      }
    },
    "dream2nix": {
      "inputs": {
        "alejandra": [
          "fufexan-dotfiles",
          "helix",
          "nci"
        ],
        "all-cabal-json": [
          "fufexan-dotfiles",
          "helix",
          "nci"
        ],
        "crane": "crane",
        "devshell": [
          "fufexan-dotfiles",
          "helix",
          "nci"
        ],
        "flake-parts": [
          "fufexan-dotfiles",
          "helix",
          "nci",
          "parts"
        ],
        "flake-utils-pre-commit": [
          "fufexan-dotfiles",
          "helix",
          "nci"
        ],
        "ghc-utils": [
          "fufexan-dotfiles",
          "helix",
          "nci"
        ],
        "gomod2nix": [
          "fufexan-dotfiles",
          "helix",
          "nci"
        ],
        "mach-nix": [
          "fufexan-dotfiles",
          "helix",
          "nci"
        ],
        "nix-pypi-fetcher": [
          "fufexan-dotfiles",
          "helix",
          "nci"
        ],
        "nixpkgs": [
          "fufexan-dotfiles",
          "helix",
          "nci",
          "nixpkgs"
        ],
        "poetry2nix": [
          "fufexan-dotfiles",
          "helix",
          "nci"
        ],
        "pre-commit-hooks": [
          "fufexan-dotfiles",
          "helix",
          "nci"
        ],
        "pruned-racket-catalog": [
          "fufexan-dotfiles",
          "helix",
          "nci"
        ]
      },
      "locked": {
        "lastModified": 1677289985,
        "narHash": "sha256-lUp06cTTlWubeBGMZqPl9jODM99LpWMcwxRiscFAUJg=",
        "owner": "nix-community",
        "repo": "dream2nix",
        "rev": "28b973a8d4c30cc1cbb3377ea2023a76bc3fb889",
        "type": "github"
      },
      "original": {
        "owner": "nix-community",
        "repo": "dream2nix",
        "type": "github"
      }
    },
    "emacs": {
      "inputs": {
        "flake-utils": "flake-utils",
        "nixpkgs": "nixpkgs_2"
      },
      "locked": {
        "lastModified": 1684839445,
        "narHash": "sha256-NryKy3rIVwI4uF9QkOVT8mJIU+bDtm3j8p+Oxdyh6Mc=",
        "owner": "nix-community",
        "repo": "emacs-overlay",
        "rev": "d4fbab64e7423db3e9c391d382d65ed9019fe762",
        "type": "github"
      },
      "original": {
        "owner": "nix-community",
        "repo": "emacs-overlay",
        "type": "github"
      }
    },
    "eww": {
      "inputs": {
        "flake-compat": "flake-compat_2",
        "nixpkgs": [
          "fufexan-dotfiles",
          "nixpkgs"
        ],
        "rust-overlay": [
          "fufexan-dotfiles",
          "rust-overlay"
        ]
      },
      "locked": {
        "lastModified": 1679829035,
        "narHash": "sha256-7zN4FWGFpHo3SCe/c5ximxbQyikY8nUBgp+QHUkGsFQ=",
        "owner": "elkowar",
        "repo": "eww",
        "rev": "e76206817de1cb86ec431dcff7d4b04c8b7d36fc",
        "type": "github"
      },
      "original": {
        "owner": "elkowar",
        "repo": "eww",
        "type": "github"
      }
    },
    "fenix": {
      "inputs": {
        "nixpkgs": [
          "statix",
          "nixpkgs"
        ],
        "rust-analyzer-src": "rust-analyzer-src"
      },
      "locked": {
        "lastModified": 1645251813,
        "narHash": "sha256-cQ66tGjnZclBCS3nD26mZ5fUH+3/HnysGffBiWXUSHk=",
        "owner": "nix-community",
        "repo": "fenix",
        "rev": "9892337b588c38ec59466a1c89befce464aae7f8",
        "type": "github"
      },
      "original": {
        "owner": "nix-community",
        "repo": "fenix",
        "type": "github"
      }
    },
    "flake-compat": {
      "flake": false,
      "locked": {
        "lastModified": 1673956053,
        "narHash": "sha256-4gtG9iQuiKITOjNQQeQIpoIB6b16fm+504Ch3sNKLd8=",
        "owner": "edolstra",
        "repo": "flake-compat",
        "rev": "35bb57c0c8d8b62bbfd284272c928ceb64ddbde9",
        "type": "github"
      },
      "original": {
        "owner": "edolstra",
        "repo": "flake-compat",
        "type": "github"
      }
    },
    "flake-compat_2": {
      "flake": false,
      "locked": {
        "lastModified": 1650374568,
        "narHash": "sha256-Z+s0J8/r907g149rllvwhb4pKi8Wam5ij0st8PwAh+E=",
        "owner": "edolstra",
        "repo": "flake-compat",
        "rev": "b4a34015c698c7793d592d66adbab377907a2be8",
        "type": "github"
      },
      "original": {
        "owner": "edolstra",
        "repo": "flake-compat",
        "type": "github"
      }
    },
    "flake-compat_3": {
      "flake": false,
      "locked": {
        "lastModified": 1673956053,
        "narHash": "sha256-4gtG9iQuiKITOjNQQeQIpoIB6b16fm+504Ch3sNKLd8=",
        "owner": "edolstra",
        "repo": "flake-compat",
        "rev": "35bb57c0c8d8b62bbfd284272c928ceb64ddbde9",
        "type": "github"
      },
      "original": {
        "owner": "edolstra",
        "repo": "flake-compat",
        "type": "github"
      }
    },
    "flake-compat_4": {
      "flake": false,
      "locked": {
        "lastModified": 1673956053,
        "narHash": "sha256-4gtG9iQuiKITOjNQQeQIpoIB6b16fm+504Ch3sNKLd8=",
        "owner": "edolstra",
        "repo": "flake-compat",
        "rev": "35bb57c0c8d8b62bbfd284272c928ceb64ddbde9",
        "type": "github"
      },
      "original": {
        "owner": "edolstra",
        "repo": "flake-compat",
        "type": "github"
      }
    },
    "flake-compat_5": {
      "flake": false,
      "locked": {
        "lastModified": 1673956053,
        "narHash": "sha256-4gtG9iQuiKITOjNQQeQIpoIB6b16fm+504Ch3sNKLd8=",
        "owner": "edolstra",
        "repo": "flake-compat",
        "rev": "35bb57c0c8d8b62bbfd284272c928ceb64ddbde9",
        "type": "github"
      },
      "original": {
        "owner": "edolstra",
        "repo": "flake-compat",
        "type": "github"
      }
    },
    "flake-compat_6": {
      "locked": {
        "lastModified": 1680531544,
        "narHash": "sha256-8qbiDTYb1kGaDADRXTItpcMKQ1TeQVkuof6oEwHUvVA=",
        "owner": "nix-community",
        "repo": "flake-compat",
        "rev": "95e78dc12268c5e4878621845c511077f3798729",
        "type": "github"
      },
      "original": {
        "owner": "nix-community",
        "repo": "flake-compat",
        "type": "github"
      }
    },
    "flake-parts": {
      "inputs": {
        "nixpkgs-lib": [
          "fufexan-dotfiles",
          "nixpkgs"
        ]
      },
      "locked": {
        "lastModified": 1683560683,
        "narHash": "sha256-XAygPMN5Xnk/W2c1aW0jyEa6lfMDZWlQgiNtmHXytPc=",
        "owner": "hercules-ci",
        "repo": "flake-parts",
        "rev": "006c75898cf814ef9497252b022e91c946ba8e17",
        "type": "github"
      },
      "original": {
        "owner": "hercules-ci",
        "repo": "flake-parts",
        "type": "github"
      }
    },
    "flake-parts_2": {
      "inputs": {
        "nixpkgs-lib": [
          "nixpkgs-wayland",
          "nix-eval-jobs",
          "nixpkgs"
        ]
      },
      "locked": {
        "lastModified": 1680392223,
        "narHash": "sha256-n3g7QFr85lDODKt250rkZj2IFS3i4/8HBU2yKHO3tqw=",
        "owner": "hercules-ci",
        "repo": "flake-parts",
        "rev": "dcc36e45d054d7bb554c9cdab69093debd91a0b5",
        "type": "github"
      },
      "original": {
        "owner": "hercules-ci",
        "repo": "flake-parts",
        "type": "github"
      }
    },
    "flake-utils": {
      "locked": {
        "lastModified": 1667395993,
        "narHash": "sha256-nuEHfE/LcWyuSWnS8t12N1wc105Qtau+/OdUAjtQ0rA=",
        "owner": "numtide",
        "repo": "flake-utils",
        "rev": "5aed5285a952e0b949eb3ba02c12fa4fcfef535f",
        "type": "github"
      },
      "original": {
        "owner": "numtide",
        "repo": "flake-utils",
        "type": "github"
      }
    },
    "flake-utils_2": {
      "locked": {
        "lastModified": 1659877975,
        "narHash": "sha256-zllb8aq3YO3h8B/U0/J1WBgAL8EX5yWf5pMj3G0NAmc=",
        "owner": "numtide",
        "repo": "flake-utils",
        "rev": "c0e246b9b83f637f4681389ecabcb2681b4f3af0",
        "type": "github"
      },
      "original": {
        "owner": "numtide",
        "repo": "flake-utils",
        "type": "github"
      }
    },
    "flake-utils_3": {
      "inputs": {
        "systems": "systems_3"
      },
      "locked": {
        "lastModified": 1681202837,
        "narHash": "sha256-H+Rh19JDwRtpVPAWp64F+rlEtxUWBAQW28eAi3SRSzg=",
        "owner": "numtide",
        "repo": "flake-utils",
        "rev": "cfacdce06f30d2b68473a46042957675eebb3401",
        "type": "github"
      },
      "original": {
        "owner": "numtide",
        "repo": "flake-utils",
        "type": "github"
      }
    },
    "flake-utils_4": {
      "inputs": {
        "systems": "systems_4"
      },
      "locked": {
        "lastModified": 1681202837,
        "narHash": "sha256-H+Rh19JDwRtpVPAWp64F+rlEtxUWBAQW28eAi3SRSzg=",
        "owner": "numtide",
        "repo": "flake-utils",
        "rev": "cfacdce06f30d2b68473a46042957675eebb3401",
        "type": "github"
      },
      "original": {
        "owner": "numtide",
        "repo": "flake-utils",
        "type": "github"
      }
    },
    "flake-utils_5": {
      "inputs": {
        "systems": "systems_5"
      },
      "locked": {
        "lastModified": 1681202837,
        "narHash": "sha256-H+Rh19JDwRtpVPAWp64F+rlEtxUWBAQW28eAi3SRSzg=",
        "owner": "numtide",
        "repo": "flake-utils",
        "rev": "cfacdce06f30d2b68473a46042957675eebb3401",
        "type": "github"
      },
      "original": {
        "owner": "numtide",
        "repo": "flake-utils",
        "type": "github"
      }
    },
    "flake-utils_6": {
      "inputs": {
        "systems": "systems_6"
      },
      "locked": {
        "lastModified": 1681202837,
        "narHash": "sha256-H+Rh19JDwRtpVPAWp64F+rlEtxUWBAQW28eAi3SRSzg=",
        "owner": "numtide",
        "repo": "flake-utils",
        "rev": "cfacdce06f30d2b68473a46042957675eebb3401",
        "type": "github"
      },
      "original": {
        "owner": "numtide",
        "repo": "flake-utils",
        "type": "github"
      }
    },
    "fu": {
      "inputs": {
        "systems": "systems_2"
      },
      "locked": {
        "lastModified": 1681202837,
        "narHash": "sha256-H+Rh19JDwRtpVPAWp64F+rlEtxUWBAQW28eAi3SRSzg=",
        "owner": "numtide",
        "repo": "flake-utils",
        "rev": "cfacdce06f30d2b68473a46042957675eebb3401",
        "type": "github"
      },
      "original": {
        "owner": "numtide",
        "repo": "flake-utils",
        "type": "github"
      }
    },
    "fufexan-dotfiles": {
      "inputs": {
        "agenix": "agenix",
        "anyrun": "anyrun",
        "devshell": "devshell",
        "eww": "eww",
        "flake-parts": "flake-parts",
        "fu": "fu",
        "helix": "helix",
        "hm": "hm",
        "hyprland": "hyprland",
        "hyprland-contrib": "hyprland-contrib",
        "kmonad": "kmonad",
        "nix-gaming": "nix-gaming",
        "nix-index-db": "nix-index-db",
        "nix-super": "nix-super",
        "nix-xilinx": "nix-xilinx",
        "nixpkgs": "nixpkgs_7",
        "rust-overlay": "rust-overlay_2",
        "spicetify-nix": "spicetify-nix"
      },
      "locked": {
        "lastModified": 1684794995,
        "narHash": "sha256-2i7nCA7Jkrj8fS7f1+KZhmL7iscetSDYmH9Ju/Gq7Mw=",
        "owner": "fufexan",
        "repo": "dotfiles",
        "rev": "322e116f063de21a098c4c50f4079ce382c797ca",
        "type": "github"
      },
      "original": {
        "owner": "fufexan",
        "repo": "dotfiles",
        "type": "github"
      }
    },
    "helix": {
      "inputs": {
        "nci": "nci",
        "nixpkgs": "nixpkgs_3",
        "parts": [
          "fufexan-dotfiles",
          "flake-parts"
        ],
        "rust-overlay": "rust-overlay"
      },
      "locked": {
        "lastModified": 1678544833,
        "narHash": "sha256-aLs6qjiViaxryP2XMjKPzrJGYfIQsGTbNWfbySfivmY=",
        "owner": "SoraTenshi",
        "repo": "helix",
        "rev": "80782f4f3cd557617d09b0d8f42dbce780552630",
        "type": "github"
      },
      "original": {
        "owner": "SoraTenshi",
        "ref": "daily-driver",
        "repo": "helix",
        "type": "github"
      }
    },
    "hm": {
      "inputs": {
        "nixpkgs": [
          "fufexan-dotfiles",
          "nixpkgs"
        ]
      },
      "locked": {
        "lastModified": 1684061181,
        "narHash": "sha256-EJpZ+Drpt3aHpowddpsQFBWsqLSJHyP6dnremTVMdWw=",
        "owner": "nix-community",
        "repo": "home-manager",
        "rev": "e4272987f785a8848205263abb4911b922c21e1b",
        "type": "github"
      },
      "original": {
        "owner": "nix-community",
        "repo": "home-manager",
        "type": "github"
      }
    },
    "home": {
      "inputs": {
        "nixpkgs": [
          "nixpkgs"
        ]
      },
      "locked": {
        "lastModified": 1684824189,
        "narHash": "sha256-k3nCkn5Qy67rCguuw6YkGuL6hOUNRKxQoKOjnapk5sU=",
        "owner": "nix-community",
        "repo": "home-manager",
        "rev": "58eb968c21d309a6c2b020ea8d64e25c38ceebba",
        "type": "github"
      },
      "original": {
        "owner": "nix-community",
        "repo": "home-manager",
        "type": "github"
      }
    },
    "hyprland": {
      "inputs": {
        "hyprland-protocols": "hyprland-protocols",
        "nixpkgs": "nixpkgs_4",
        "wlroots": "wlroots",
        "xdph": "xdph"
      },
      "locked": {
        "lastModified": 1684068895,
        "narHash": "sha256-1oSX5LQmSl/lcpPdM+NG2TlLynFmVbubNeIoSF1Mmv0=",
        "owner": "hyprwm",
        "repo": "Hyprland",
        "rev": "7c207243e41b5b4f35d790767ad2e21eba1b7a0b",
        "type": "github"
      },
      "original": {
        "owner": "hyprwm",
        "repo": "Hyprland",
        "type": "github"
      }
    },
    "hyprland-contrib": {
      "inputs": {
        "nixpkgs": [
          "fufexan-dotfiles",
          "nixpkgs"
        ]
      },
      "locked": {
        "lastModified": 1683107384,
        "narHash": "sha256-maCeGSr7UaxMzHgqHBtahwhf8nhenTytJnCWOA+DoXI=",
        "owner": "hyprwm",
        "repo": "contrib",
        "rev": "a5792efdb113e9e971dc6fe5114fee814afbfb81",
        "type": "github"
      },
      "original": {
        "owner": "hyprwm",
        "repo": "contrib",
        "type": "github"
      }
    },
    "hyprland-contrib_2": {
      "inputs": {
        "nixpkgs": "nixpkgs_9"
      },
      "locked": {
        "lastModified": 1684479483,
        "narHash": "sha256-NCkOkgR7PtkAQmYgeYd6vOzkulQjxlf+vWGUmrQu4uw=",
        "owner": "hyprwm",
        "repo": "contrib",
        "rev": "805bedf51a2f75a2279b6fc75b3066ff21f235ee",
        "type": "github"
      },
      "original": {
        "owner": "hyprwm",
        "repo": "contrib",
        "type": "github"
      }
    },
    "hyprland-protocols": {
      "inputs": {
        "nixpkgs": [
          "fufexan-dotfiles",
          "hyprland",
          "nixpkgs"
        ]
      },
      "locked": {
        "lastModified": 1681065697,
        "narHash": "sha256-QPzwwlGKX95tl6ZEshboZbEwwAXww6lNLdVYd6T9Mrc=",
        "owner": "hyprwm",
        "repo": "hyprland-protocols",
        "rev": "4d29e48433270a2af06b8bc711ca1fe5109746cd",
        "type": "github"
      },
      "original": {
        "owner": "hyprwm",
        "repo": "hyprland-protocols",
        "type": "github"
      }
    },
    "hyprland-protocols_2": {
      "inputs": {
        "nixpkgs": [
          "hyprland",
          "nixpkgs"
        ]
      },
      "locked": {
        "lastModified": 1681065697,
        "narHash": "sha256-QPzwwlGKX95tl6ZEshboZbEwwAXww6lNLdVYd6T9Mrc=",
        "owner": "hyprwm",
        "repo": "hyprland-protocols",
        "rev": "4d29e48433270a2af06b8bc711ca1fe5109746cd",
        "type": "github"
      },
      "original": {
        "owner": "hyprwm",
        "repo": "hyprland-protocols",
        "type": "github"
      }
    },
    "hyprland_2": {
      "inputs": {
        "hyprland-protocols": "hyprland-protocols_2",
        "nixpkgs": "nixpkgs_8",
        "wlroots": "wlroots_2",
        "xdph": "xdph_2"
      },
      "locked": {
        "lastModified": 1684844798,
        "narHash": "sha256-ZrMXFoEA535jOZ+eDA3s+URZ5MkVRksBgL5qGnb6Ciw=",
        "owner": "hyprwm",
        "repo": "hyprland",
        "rev": "eb1f832fcec5838053c6b031b656e4f949ada57b",
        "type": "github"
      },
      "original": {
        "owner": "hyprwm",
        "repo": "hyprland",
        "type": "github"
      }
    },
    "impermanence": {
      "locked": {
        "lastModified": 1684264534,
        "narHash": "sha256-K0zr+ry3FwIo3rN2U/VWAkCJSgBslBisvfRIPwMbuCQ=",
        "owner": "nix-community",
        "repo": "impermanence",
        "rev": "89253fb1518063556edd5e54509c30ac3089d5e6",
        "type": "github"
      },
      "original": {
        "owner": "nix-community",
        "repo": "impermanence",
        "type": "github"
      }
    },
    "kmonad": {
      "inputs": {
        "nixpkgs": [
          "fufexan-dotfiles",
          "nixpkgs"
        ]
      },
      "locked": {
        "dir": "nix",
        "lastModified": 1682527311,
        "narHash": "sha256-gFiQ62jbBfumg0IR4oXR/DRVunOxMd4lJ5+g+qjz7wA=",
        "owner": "kmonad",
        "repo": "kmonad",
        "rev": "3aa2f52536de853efbcb0f6e790c97a3734687ec",
        "type": "github"
      },
      "original": {
        "dir": "nix",
        "owner": "kmonad",
        "repo": "kmonad",
        "type": "github"
      }
    },
    "lib-aggregate": {
      "inputs": {
        "flake-utils": "flake-utils_5",
        "nixpkgs-lib": "nixpkgs-lib_2"
      },
      "locked": {
        "lastModified": 1681214977,
        "narHash": "sha256-pBaG4iKzF/YJQA06f87IZokB15Z13DYd6zsT/wlbWfI=",
        "owner": "nix-community",
        "repo": "lib-aggregate",
        "rev": "19d70ca7a81956bd01a768297b84798f301e150f",
        "type": "github"
      },
      "original": {
        "owner": "nix-community",
        "repo": "lib-aggregate",
        "type": "github"
      }
    },
    "lowdown-src": {
      "flake": false,
      "locked": {
        "lastModified": 1633514407,
        "narHash": "sha256-Dw32tiMjdK9t3ETl5fzGrutQTzh2rufgZV4A/BbxuD4=",
        "owner": "kristapsdz",
        "repo": "lowdown",
        "rev": "d2c2b44ff6c27b936ec27358a2653caaef8f73b8",
        "type": "github"
      },
      "original": {
        "owner": "kristapsdz",
        "repo": "lowdown",
        "type": "github"
      }
    },
    "lowdown-src_2": {
      "flake": false,
      "locked": {
        "lastModified": 1633514407,
        "narHash": "sha256-Dw32tiMjdK9t3ETl5fzGrutQTzh2rufgZV4A/BbxuD4=",
        "owner": "kristapsdz",
        "repo": "lowdown",
        "rev": "d2c2b44ff6c27b936ec27358a2653caaef8f73b8",
        "type": "github"
      },
      "original": {
        "owner": "kristapsdz",
        "repo": "lowdown",
        "type": "github"
      }
    },
    "master": {
      "locked": {
        "lastModified": 1684864344,
        "narHash": "sha256-8K/bIgTuPa5sorH5dn3tYfHcwvsGOySAXHPnPgpigtI=",
        "owner": "nixos",
        "repo": "nixpkgs",
        "rev": "0e3f4da01d2fa7b64cc77e70053439e6db257158",
        "type": "github"
      },
      "original": {
        "owner": "nixos",
        "ref": "master",
        "repo": "nixpkgs",
        "type": "github"
      }
    },
    "mk-naked-shell": {
      "flake": false,
      "locked": {
        "lastModified": 1676572903,
        "narHash": "sha256-oQoDHHUTxNVSURfkFcYLuAK+btjs30T4rbEUtCUyKy8=",
        "owner": "yusdacra",
        "repo": "mk-naked-shell",
        "rev": "aeca9f8aa592f5e8f71f407d081cb26fd30c5a57",
        "type": "github"
      },
      "original": {
        "owner": "yusdacra",
        "repo": "mk-naked-shell",
        "type": "github"
      }
    },
    "nci": {
      "inputs": {
        "dream2nix": "dream2nix",
        "mk-naked-shell": "mk-naked-shell",
        "nixpkgs": [
          "fufexan-dotfiles",
          "helix",
          "nixpkgs"
        ],
        "parts": "parts",
        "rust-overlay": [
          "fufexan-dotfiles",
          "helix",
          "rust-overlay"
        ]
      },
      "locked": {
        "lastModified": 1677297103,
        "narHash": "sha256-ArlJIbp9NGV9yvhZdV0SOUFfRlI/kHeKoCk30NbSiLc=",
        "owner": "yusdacra",
        "repo": "nix-cargo-integration",
        "rev": "a79272a2cb0942392bb3a5bf9a3ec6bc568795b2",
        "type": "github"
      },
      "original": {
        "owner": "yusdacra",
        "repo": "nix-cargo-integration",
        "type": "github"
      }
    },
    "nil": {
      "inputs": {
        "flake-utils": "flake-utils_4",
        "nixpkgs": "nixpkgs_10",
        "rust-overlay": "rust-overlay_3"
      },
      "locked": {
        "lastModified": 1683653883,
        "narHash": "sha256-Xg3Cux5wQDatXRvQWsVD0YPfmxfijjG8+gxYqgoT6JE=",
        "owner": "oxalica",
        "repo": "nil",
        "rev": "18de045d7788df2343aec58df7b85c10d1f5d5dd",
        "type": "github"
      },
      "original": {
        "owner": "oxalica",
        "repo": "nil",
        "rev": "18de045d7788df2343aec58df7b85c10d1f5d5dd",
        "type": "github"
      }
    },
    "nix": {
      "inputs": {
        "flake-compat": "flake-compat_5",
        "lowdown-src": "lowdown-src_2",
        "nixpkgs": [
          "nixpkgs"
        ],
        "nixpkgs-regression": "nixpkgs-regression_2"
      },
      "locked": {
        "lastModified": 1684413232,
        "narHash": "sha256-PeM8/LSCQCJHjJWox0cYHo9BeerQNs513lZ4fFvquZo=",
        "owner": "nixos",
        "repo": "nix",
        "rev": "b1c34c0ee808f60da32f09e238087106b9c4f680",
        "type": "github"
      },
      "original": {
        "owner": "nixos",
        "repo": "nix",
        "rev": "b1c34c0ee808f60da32f09e238087106b9c4f680",
        "type": "github"
      }
    },
    "nix-colors": {
      "inputs": {
        "base16-schemes": "base16-schemes",
        "nixpkgs-lib": "nixpkgs-lib"
      },
      "locked": {
        "lastModified": 1682108218,
        "narHash": "sha256-tMr7BbxualFQlN+XopS8rMMgf2XR9ZfRuwIZtjsWmfI=",
        "owner": "Misterio77",
        "repo": "nix-colors",
        "rev": "b92df8f5eb1fa20d8e09810c03c9dc0d94ef2820",
        "type": "github"
      },
      "original": {
        "owner": "Misterio77",
        "repo": "nix-colors",
        "type": "github"
      }
    },
    "nix-eval-jobs": {
      "inputs": {
        "flake-parts": "flake-parts_2",
        "nixpkgs": "nixpkgs_11"
      },
      "locked": {
        "lastModified": 1682480188,
        "narHash": "sha256-4LG8Vl/fLWsJg+QAb5/PvZTdLtPFsYFxuGDfEAR5szA=",
        "owner": "nix-community",
        "repo": "nix-eval-jobs",
        "rev": "73ee1712faeb5db609fc9f991e2dc1de265acff5",
        "type": "github"
      },
      "original": {
        "owner": "nix-community",
        "repo": "nix-eval-jobs",
        "type": "github"
      }
    },
    "nix-gaming": {
      "inputs": {
        "nixpkgs": "nixpkgs_5"
      },
      "locked": {
        "lastModified": 1684026430,
        "narHash": "sha256-+IWydhGEXUAtJWzHmjo3NtiDCu6lnFWV2yGMKKwP3EU=",
        "owner": "fufexan",
        "repo": "nix-gaming",
        "rev": "322985ad98970e718fbef76a73d18b2ffc264724",
        "type": "github"
      },
      "original": {
        "owner": "fufexan",
        "repo": "nix-gaming",
        "type": "github"
      }
    },
    "nix-index-db": {
      "inputs": {
        "nixpkgs": [
          "fufexan-dotfiles",
          "nixpkgs"
        ]
      },
      "locked": {
        "lastModified": 1683638468,
        "narHash": "sha256-tQEaGZfZ2Hpw+XIVEHaJ8FaF1yNQyMDDhUyIQ7LTIEg=",
        "owner": "Mic92",
        "repo": "nix-index-database",
        "rev": "219067a5e3cf4b9581c8b4fcfc59ecd5af953d07",
        "type": "github"
      },
      "original": {
        "owner": "Mic92",
        "repo": "nix-index-database",
        "type": "github"
      }
    },
    "nix-super": {
      "inputs": {
        "flake-compat": "flake-compat_3",
        "lowdown-src": "lowdown-src",
        "nixpkgs": "nixpkgs_6",
        "nixpkgs-regression": "nixpkgs-regression"
      },
      "locked": {
        "lastModified": 1683240066,
        "narHash": "sha256-XXTB64SAMukIt2suhoPP87QDKX9vB2ByXXuE7l2Vyxw=",
        "owner": "privatevoid-net",
        "repo": "nix-super",
        "rev": "aaba1f91e7eba8ce029fa6bfa81ad9e14a13708d",
        "type": "github"
      },
      "original": {
        "owner": "privatevoid-net",
        "repo": "nix-super",
        "type": "github"
      }
    },
    "nix-xilinx": {
      "inputs": {
        "flake-compat": "flake-compat_4",
        "nixpkgs": [
          "fufexan-dotfiles",
          "nixpkgs"
        ]
      },
      "locked": {
        "lastModified": 1684054952,
        "narHash": "sha256-v7DbHnggyUxyIl5JLqrgVJ8/imonjnOSJyPtYeIsNV0=",
        "owner": "doronbehar",
        "repo": "nix-xilinx",
        "rev": "08d3621bf5db36605ff06e327cc40eb5fb65d73c",
        "type": "gitlab"
      },
      "original": {
        "owner": "doronbehar",
        "repo": "nix-xilinx",
        "type": "gitlab"
      }
    },
    "nixpkgs": {
      "locked": {
        "lastModified": 1682879489,
        "narHash": "sha256-sASwo8gBt7JDnOOstnps90K1wxmVfyhsTPPNTGBPjjg=",
        "owner": "nixos",
        "repo": "nixpkgs",
        "rev": "da45bf6ec7bbcc5d1e14d3795c025199f28e0de0",
        "type": "github"
      },
      "original": {
        "owner": "nixos",
        "ref": "nixos-unstable",
        "repo": "nixpkgs",
        "type": "github"
      }
    },
    "nixpkgs-lib": {
      "locked": {
        "lastModified": 1680397293,
        "narHash": "sha256-wBpJ73+tJ8fZSWb4tzNbAVahC4HSo2QG3nICDy4ExBQ=",
        "owner": "nix-community",
        "repo": "nixpkgs.lib",
        "rev": "b18d328214ca3c627d3cc3f51fd9d1397fdbcd7a",
        "type": "github"
      },
      "original": {
        "owner": "nix-community",
        "repo": "nixpkgs.lib",
        "type": "github"
      }
    },
    "nixpkgs-lib_2": {
      "locked": {
        "lastModified": 1681001314,
        "narHash": "sha256-5sDnCLdrKZqxLPK4KA8+f4A3YKO/u6ElpMILvX0g72c=",
        "owner": "nix-community",
        "repo": "nixpkgs.lib",
        "rev": "367c0e1086a4eb4502b24d872cea2c7acdd557f4",
        "type": "github"
      },
      "original": {
        "owner": "nix-community",
        "repo": "nixpkgs.lib",
        "type": "github"
      }
    },
    "nixpkgs-regression": {
      "locked": {
        "lastModified": 1643052045,
        "narHash": "sha256-uGJ0VXIhWKGXxkeNnq4TvV3CIOkUJ3PAoLZ3HMzNVMw=",
        "owner": "NixOS",
        "repo": "nixpkgs",
        "rev": "215d4d0fd80ca5163643b03a33fde804a29cc1e2",
        "type": "github"
      },
      "original": {
        "owner": "NixOS",
        "repo": "nixpkgs",
        "rev": "215d4d0fd80ca5163643b03a33fde804a29cc1e2",
        "type": "github"
      }
    },
    "nixpkgs-regression_2": {
      "locked": {
        "lastModified": 1643052045,
        "narHash": "sha256-uGJ0VXIhWKGXxkeNnq4TvV3CIOkUJ3PAoLZ3HMzNVMw=",
        "owner": "NixOS",
        "repo": "nixpkgs",
        "rev": "215d4d0fd80ca5163643b03a33fde804a29cc1e2",
        "type": "github"
      },
      "original": {
        "owner": "NixOS",
        "repo": "nixpkgs",
        "rev": "215d4d0fd80ca5163643b03a33fde804a29cc1e2",
        "type": "github"
      }
    },
    "nixpkgs-wayland": {
      "inputs": {
        "flake-compat": "flake-compat_6",
        "lib-aggregate": "lib-aggregate",
        "nix-eval-jobs": "nix-eval-jobs",
        "nixpkgs": [
          "nixpkgs"
        ]
      },
      "locked": {
        "lastModified": 1684840377,
        "narHash": "sha256-iuFyOqTSMeRpqSO3xCPcVFtcR5pGT5r8GUvuhRgZVe8=",
        "owner": "nix-community",
        "repo": "nixpkgs-wayland",
        "rev": "4a4de21e3e00b9417b978a82715c857c05e3c9e3",
        "type": "github"
      },
      "original": {
        "owner": "nix-community",
        "repo": "nixpkgs-wayland",
        "type": "github"
      }
    },
    "nixpkgs_10": {
      "locked": {
        "lastModified": 1682929865,
        "narHash": "sha256-jxVrgnf5QNjO+XoxDxUWtN2G5xyJSGZ5SWDQFxMuHxc=",
        "owner": "nixos",
        "repo": "nixpkgs",
        "rev": "f2e9a130461950270f87630b11132323706b4d91",
        "type": "github"
      },
      "original": {
        "owner": "nixos",
        "ref": "nixpkgs-unstable",
        "repo": "nixpkgs",
        "type": "github"
      }
    },
    "nixpkgs_11": {
      "locked": {
        "lastModified": 1681347147,
        "narHash": "sha256-B+hTioRc3Jdf4SJyeCiO0fW5ShIznJk2OTiW2vOV+mc=",
        "owner": "NixOS",
        "repo": "nixpkgs",
        "rev": "1a9d9175ecc48ecd033062fa09b1834d13ae9c69",
        "type": "github"
      },
      "original": {
        "owner": "NixOS",
        "ref": "master",
        "repo": "nixpkgs",
        "type": "github"
      }
    },
    "nixpkgs_2": {
      "locked": {
        "lastModified": 1673540789,
        "narHash": "sha256-xqnxBOK3qctIeUVxecydrEDbEXjsvHCPGPbvsl63M/U=",
        "owner": "NixOS",
        "repo": "nixpkgs",
        "rev": "0f213d0fee84280d8c3a97f7469b988d6fe5fcdf",
        "type": "github"
      },
      "original": {
        "owner": "NixOS",
        "ref": "nixos-unstable",
        "repo": "nixpkgs",
        "type": "github"
      }
    },
    "nixpkgs_3": {
      "locked": {
        "lastModified": 1677063315,
        "narHash": "sha256-qiB4ajTeAOVnVSAwCNEEkoybrAlA+cpeiBxLobHndE8=",
        "owner": "nixos",
        "repo": "nixpkgs",
        "rev": "988cc958c57ce4350ec248d2d53087777f9e1949",
        "type": "github"
      },
      "original": {
        "owner": "nixos",
        "ref": "nixos-unstable",
        "repo": "nixpkgs",
        "type": "github"
      }
    },
    "nixpkgs_4": {
      "locked": {
        "lastModified": 1683014792,
        "narHash": "sha256-6Va9iVtmmsw4raBc3QKvQT2KT/NGRWlvUlJj46zN8B8=",
        "owner": "NixOS",
        "repo": "nixpkgs",
        "rev": "1a411f23ba299db155a5b45d5e145b85a7aafc42",
        "type": "github"
      },
      "original": {
        "owner": "NixOS",
        "ref": "nixos-unstable",
        "repo": "nixpkgs",
        "type": "github"
      }
    },
    "nixpkgs_5": {
      "locked": {
        "lastModified": 1681753173,
        "narHash": "sha256-MrGmzZWLUqh2VstoikKLFFIELXm/lsf/G9U9zR96VD4=",
        "owner": "NixOS",
        "repo": "nixpkgs",
        "rev": "0a4206a51b386e5cda731e8ac78d76ad924c7125",
        "type": "github"
      },
      "original": {
        "owner": "NixOS",
        "ref": "nixpkgs-unstable",
        "repo": "nixpkgs",
        "type": "github"
      }
    },
    "nixpkgs_6": {
      "locked": {
        "lastModified": 1670461440,
        "narHash": "sha256-jy1LB8HOMKGJEGXgzFRLDU1CBGL0/LlkolgnqIsF0D8=",
        "owner": "NixOS",
        "repo": "nixpkgs",
        "rev": "04a75b2eecc0acf6239acf9dd04485ff8d14f425",
        "type": "github"
      },
      "original": {
        "owner": "NixOS",
        "ref": "nixos-22.11-small",
        "repo": "nixpkgs",
        "type": "github"
      }
    },
    "nixpkgs_7": {
      "locked": {
        "lastModified": 1684049129,
        "narHash": "sha256-7WB9LpnPNAS8oI7hMoHeKLNhRX7k3CI9uWBRSfmOCCE=",
        "owner": "NixOS",
        "repo": "nixpkgs",
        "rev": "0470f36b02ef01d4f43c641bbf07020bcab71bf1",
        "type": "github"
      },
      "original": {
        "owner": "NixOS",
        "ref": "nixos-unstable",
        "repo": "nixpkgs",
        "type": "github"
      }
    },
    "nixpkgs_8": {
      "locked": {
        "lastModified": 1683014792,
        "narHash": "sha256-6Va9iVtmmsw4raBc3QKvQT2KT/NGRWlvUlJj46zN8B8=",
        "owner": "NixOS",
        "repo": "nixpkgs",
        "rev": "1a411f23ba299db155a5b45d5e145b85a7aafc42",
        "type": "github"
      },
      "original": {
        "owner": "NixOS",
        "ref": "nixos-unstable",
        "repo": "nixpkgs",
        "type": "github"
      }
    },
    "nixpkgs_9": {
      "locked": {
        "lastModified": 1658161305,
        "narHash": "sha256-X/nhnMCa1Wx4YapsspyAs6QYz6T/85FofrI6NpdPDHg=",
        "owner": "NixOS",
        "repo": "nixpkgs",
        "rev": "e4d49de45a3b5dbcb881656b4e3986e666141ea9",
        "type": "github"
      },
      "original": {
        "owner": "NixOS",
        "ref": "nixos-unstable",
        "repo": "nixpkgs",
        "type": "github"
      }
    },
    "nur": {
      "locked": {
        "lastModified": 1684863931,
        "narHash": "sha256-zrUkicOLh1FQ/KCWNl4LeZ3jnZHjcOQlD39qiAwOIm0=",
        "owner": "nix-community",
        "repo": "NUR",
        "rev": "f9abe21b2f7465171ad2735f6c8925ac07eaaf29",
        "type": "github"
      },
      "original": {
        "owner": "nix-community",
        "repo": "NUR",
        "type": "github"
      }
    },
    "parts": {
      "inputs": {
        "nixpkgs-lib": [
          "fufexan-dotfiles",
          "helix",
          "nci",
          "nixpkgs"
        ]
      },
      "locked": {
        "lastModified": 1675933616,
        "narHash": "sha256-/rczJkJHtx16IFxMmAWu5nNYcSXNg1YYXTHoGjLrLUA=",
        "owner": "hercules-ci",
        "repo": "flake-parts",
        "rev": "47478a4a003e745402acf63be7f9a092d51b83d7",
        "type": "github"
      },
      "original": {
        "owner": "hercules-ci",
        "repo": "flake-parts",
        "type": "github"
      }
    },
    "root": {
      "inputs": {
        "aagl": "aagl",
        "emacs": "emacs",
        "fufexan-dotfiles": "fufexan-dotfiles",
        "home": "home",
        "hyprland": "hyprland_2",
        "hyprland-contrib": "hyprland-contrib_2",
        "impermanence": "impermanence",
        "master": "master",
        "nil": "nil",
        "nix": "nix",
        "nix-colors": "nix-colors",
        "nixpkgs": [
          "master"
        ],
        "nixpkgs-wayland": "nixpkgs-wayland",
        "nur": "nur",
        "sops-nix": "sops-nix",
        "spicetify": "spicetify",
        "stable": "stable",
        "statix": "statix",
        "unstable": "unstable"
      }
    },
    "rust-analyzer-src": {
      "flake": false,
      "locked": {
        "lastModified": 1645205556,
        "narHash": "sha256-e4lZW3qRyOEJ+vLKFQP7m2Dxh5P44NrnekZYLxlucww=",
        "owner": "rust-analyzer",
        "repo": "rust-analyzer",
        "rev": "acf5874b39f3dc5262317a6074d9fc7285081161",
        "type": "github"
      },
      "original": {
        "owner": "rust-analyzer",
        "ref": "nightly",
        "repo": "rust-analyzer",
        "type": "github"
      }
    },
    "rust-overlay": {
      "inputs": {
        "flake-utils": "flake-utils_2",
        "nixpkgs": [
          "fufexan-dotfiles",
          "helix",
          "nixpkgs"
        ]
      },
      "locked": {
        "lastModified": 1677292251,
        "narHash": "sha256-D+6q5Z2MQn3UFJtqsM5/AvVHi3NXKZTIMZt1JGq/spA=",
        "owner": "oxalica",
        "repo": "rust-overlay",
        "rev": "34cdbf6ad480ce13a6a526f57d8b9e609f3d65dc",
        "type": "github"
      },
      "original": {
        "owner": "oxalica",
        "repo": "rust-overlay",
        "type": "github"
      }
    },
    "rust-overlay_2": {
      "inputs": {
        "flake-utils": [
          "fufexan-dotfiles",
          "fu"
        ],
        "nixpkgs": [
          "fufexan-dotfiles",
          "nixpkgs"
        ]
      },
      "locked": {
        "lastModified": 1684030847,
        "narHash": "sha256-z4tOxaN9Cl8C80u6wyZBpPt9A9MbL21fZ3zdB/vG+AU=",
        "owner": "oxalica",
        "repo": "rust-overlay",
        "rev": "aa1480f16bec7dda3c62b8cdb184c7e823331ba2",
        "type": "github"
      },
      "original": {
        "owner": "oxalica",
        "repo": "rust-overlay",
        "type": "github"
      }
    },
    "rust-overlay_3": {
      "inputs": {
        "flake-utils": [
          "nil",
          "flake-utils"
        ],
        "nixpkgs": [
          "nil",
          "nixpkgs"
        ]
      },
      "locked": {
        "lastModified": 1682907601,
        "narHash": "sha256-FfUAYvRJ+6s9WWjXNPdRzuuvAeu2VHIXIbUkPJr4t14=",
        "owner": "oxalica",
        "repo": "rust-overlay",
        "rev": "5eaff055dd57128c53ae373dc96af944f5849daa",
        "type": "github"
      },
      "original": {
        "owner": "oxalica",
        "repo": "rust-overlay",
        "type": "github"
      }
    },
    "sops-nix": {
      "inputs": {
        "nixpkgs": [
          "nixpkgs"
        ],
        "nixpkgs-stable": [
          "stable"
        ]
      },
      "locked": {
        "lastModified": 1684637723,
        "narHash": "sha256-0vAxL7MVMhGbTkAyvzLvleELHjVsaS43p+PR1h9gzNQ=",
        "owner": "Mic92",
        "repo": "sops-nix",
        "rev": "4ccdfb573f323a108a44c13bb7730e42baf962a9",
        "type": "github"
      },
      "original": {
        "owner": "Mic92",
        "repo": "sops-nix",
        "type": "github"
      }
    },
    "spicetify": {
      "inputs": {
        "flake-utils": "flake-utils_6",
        "nixpkgs": [
          "nixpkgs"
        ]
      },
      "locked": {
        "lastModified": 1684427956,
        "narHash": "sha256-SP9nJgbGiGeRZtfWNeTQcxCLlO+tBgTTdf4t8MI5c1A=",
        "owner": "the-argus",
        "repo": "spicetify-nix",
        "rev": "3da041529b225b25417788b8466b8fbd798b712e",
        "type": "github"
      },
      "original": {
        "owner": "the-argus",
        "repo": "spicetify-nix",
        "type": "github"
      }
    },
    "spicetify-nix": {
      "inputs": {
        "flake-utils": "flake-utils_3",
        "nixpkgs": [
          "fufexan-dotfiles",
          "nixpkgs"
        ]
      },
      "locked": {
        "lastModified": 1683481928,
        "narHash": "sha256-G7LsEjKE+EEYNkKcJsy+iplw/6STjK506w/8ImisN5Q=",
        "owner": "the-argus",
        "repo": "spicetify-nix",
        "rev": "c1abe3d0bc44868e4ba04e3fccce7b620522ab5e",
        "type": "github"
      },
      "original": {
        "owner": "the-argus",
        "repo": "spicetify-nix",
        "type": "github"
      }
    },
    "stable": {
      "locked": {
        "lastModified": 1659446231,
        "narHash": "sha256-hekabNdTdgR/iLsgce5TGWmfIDZ86qjPhxDg/8TlzhE=",
        "owner": "nixos",
        "repo": "nixpkgs",
        "rev": "eabc38219184cc3e04a974fe31857d8e0eac098d",
        "type": "github"
      },
      "original": {
        "owner": "nixos",
        "ref": "nixos-21.11",
        "repo": "nixpkgs",
        "type": "github"
      }
    },
    "statix": {
      "inputs": {
        "fenix": "fenix",
        "nixpkgs": [
          "nixpkgs"
        ]
      },
      "locked": {
        "lastModified": 1676888642,
        "narHash": "sha256-C73LOMVVCkeL0jA5xN7klLEDEB4NkuiATEJY4A/tIyM=",
        "owner": "nerdypepper",
        "repo": "statix",
        "rev": "3c7136a23f444db252a556928c1489869ca3ab4e",
        "type": "github"
      },
      "original": {
        "owner": "nerdypepper",
        "repo": "statix",
        "type": "github"
      }
    },
    "systems": {
      "locked": {
        "lastModified": 1681028828,
        "narHash": "sha256-Vy1rq5AaRuLzOxct8nz4T6wlgyUR7zLU309k9mBC768=",
        "owner": "nix-systems",
        "repo": "default",
        "rev": "da67096a3b9bf56a91d16901293e51ba5b49a27e",
        "type": "github"
      },
      "original": {
        "owner": "nix-systems",
        "repo": "default",
        "type": "github"
      }
    },
    "systems_2": {
      "locked": {
        "lastModified": 1681028828,
        "narHash": "sha256-Vy1rq5AaRuLzOxct8nz4T6wlgyUR7zLU309k9mBC768=",
        "owner": "nix-systems",
        "repo": "default",
        "rev": "da67096a3b9bf56a91d16901293e51ba5b49a27e",
        "type": "github"
      },
      "original": {
        "owner": "nix-systems",
        "repo": "default",
        "type": "github"
      }
    },
    "systems_3": {
      "locked": {
        "lastModified": 1681028828,
        "narHash": "sha256-Vy1rq5AaRuLzOxct8nz4T6wlgyUR7zLU309k9mBC768=",
        "owner": "nix-systems",
        "repo": "default",
        "rev": "da67096a3b9bf56a91d16901293e51ba5b49a27e",
        "type": "github"
      },
      "original": {
        "owner": "nix-systems",
        "repo": "default",
        "type": "github"
      }
    },
    "systems_4": {
      "locked": {
        "lastModified": 1681028828,
        "narHash": "sha256-Vy1rq5AaRuLzOxct8nz4T6wlgyUR7zLU309k9mBC768=",
        "owner": "nix-systems",
        "repo": "default",
        "rev": "da67096a3b9bf56a91d16901293e51ba5b49a27e",
        "type": "github"
      },
      "original": {
        "owner": "nix-systems",
        "repo": "default",
        "type": "github"
      }
    },
    "systems_5": {
      "locked": {
        "lastModified": 1681028828,
        "narHash": "sha256-Vy1rq5AaRuLzOxct8nz4T6wlgyUR7zLU309k9mBC768=",
        "owner": "nix-systems",
        "repo": "default",
        "rev": "da67096a3b9bf56a91d16901293e51ba5b49a27e",
        "type": "github"
      },
      "original": {
        "owner": "nix-systems",
        "repo": "default",
        "type": "github"
      }
    },
    "systems_6": {
      "locked": {
        "lastModified": 1681028828,
        "narHash": "sha256-Vy1rq5AaRuLzOxct8nz4T6wlgyUR7zLU309k9mBC768=",
        "owner": "nix-systems",
        "repo": "default",
        "rev": "da67096a3b9bf56a91d16901293e51ba5b49a27e",
        "type": "github"
      },
      "original": {
        "owner": "nix-systems",
        "repo": "default",
        "type": "github"
      }
    },
    "unstable": {
      "locked": {
        "lastModified": 1684754342,
        "narHash": "sha256-plGnjnbnPLoZCTdQX21oT7xliQhFtgcWlkuDHgtEb1o=",
        "owner": "nixos",
        "repo": "nixpkgs",
        "rev": "7084250df3d7f9735087d3234407f3c1fc2400e3",
        "type": "github"
      },
      "original": {
        "owner": "nixos",
        "ref": "nixos-unstable",
        "repo": "nixpkgs",
        "type": "github"
      }
    },
    "wlroots": {
      "flake": false,
      "locked": {
        "host": "gitlab.freedesktop.org",
        "lastModified": 1682436395,
        "narHash": "sha256-GGEjkQO9m7YLYIXIXM76HWdhjg4Ye+oafOtyaFAYKI4=",
        "owner": "wlroots",
        "repo": "wlroots",
        "rev": "6830bfc17fd94709e2cdd4da0af989f102a26e59",
        "type": "gitlab"
      },
      "original": {
        "host": "gitlab.freedesktop.org",
        "owner": "wlroots",
        "repo": "wlroots",
        "type": "gitlab"
      }
    },
    "wlroots_2": {
      "flake": false,
      "locked": {
        "host": "gitlab.freedesktop.org",
        "lastModified": 1682436395,
        "narHash": "sha256-GGEjkQO9m7YLYIXIXM76HWdhjg4Ye+oafOtyaFAYKI4=",
        "owner": "wlroots",
        "repo": "wlroots",
        "rev": "6830bfc17fd94709e2cdd4da0af989f102a26e59",
        "type": "gitlab"
      },
      "original": {
        "host": "gitlab.freedesktop.org",
        "owner": "wlroots",
        "repo": "wlroots",
        "type": "gitlab"
      }
    },
    "xdph": {
      "inputs": {
        "hyprland-protocols": [
          "fufexan-dotfiles",
          "hyprland",
          "hyprland-protocols"
        ],
        "nixpkgs": [
          "fufexan-dotfiles",
          "hyprland",
          "nixpkgs"
        ]
      },
      "locked": {
        "lastModified": 1682439384,
        "narHash": "sha256-zHDa8LCZs05TZHQSIZ3ucwyMPglBGHcqTBzfkLjYXTM=",
        "owner": "hyprwm",
        "repo": "xdg-desktop-portal-hyprland",
        "rev": "c0e233955568fbea4e859336f6d3d14d51294d7c",
        "type": "github"
      },
      "original": {
        "owner": "hyprwm",
        "repo": "xdg-desktop-portal-hyprland",
        "type": "github"
      }
    },
    "xdph_2": {
      "inputs": {
        "hyprland-protocols": [
          "hyprland",
          "hyprland-protocols"
        ],
        "nixpkgs": [
          "hyprland",
          "nixpkgs"
        ]
      },
      "locked": {
        "lastModified": 1682439384,
        "narHash": "sha256-zHDa8LCZs05TZHQSIZ3ucwyMPglBGHcqTBzfkLjYXTM=",
        "owner": "hyprwm",
        "repo": "xdg-desktop-portal-hyprland",
        "rev": "c0e233955568fbea4e859336f6d3d14d51294d7c",
        "type": "github"
      },
      "original": {
        "owner": "hyprwm",
        "repo": "xdg-desktop-portal-hyprland",
        "type": "github"
      }
    }
  },
  "root": "root",
  "version": 7
}
